
Microsoft Visual Studio Solution File, Format Version 12.00
# Visual Studio Version 16
VisualStudioVersion = 16.0.31005.135
MinimumVisualStudioVersion = 10.0.40219.1
Project("{FAE04EC0-301F-11D3-BF4B-00C04F79EFBC}") = "Greeting", "Greeting\Greeting.csproj", "{CD3EA12E-E1C0-4F17-A6E4-035171B7AB66}"
EndProject
Project("{FAE04EC0-301F-11D3-BF4B-00C04F79EFBC}") = "Divider", "..\Divider\Divider.csproj", "{9214A235-21C4-400B-9D5E-A85E025F794A}"
EndProject
Global
	GlobalSection(SolutionConfigurationPlatforms) = preSolution
		Debug|Any CPU = Debug|Any CPU
		Release|Any CPU = Release|Any CPU
	EndGlobalSection
	GlobalSection(ProjectConfigurationPlatforms) = postSolution
		{CD3EA12E-E1C0-4F17-A6E4-035171B7AB66}.Debug|Any CPU.ActiveCfg = Debug|Any CPU
		{CD3EA12E-E1C0-4F17-A6E4-035171B7AB66}.Debug|Any CPU.Build.0 = Debug|Any CPU
		{CD3EA12E-E1C0-4F17-A6E4-035171B7AB66}.Release|Any CPU.ActiveCfg = Release|Any CPU
		{CD3EA12E-E1C0-4F17-A6E4-035171B7AB66}.Release|Any CPU.Build.0 = Release|Any CPU
		{9214A235-21C4-400B-9D5E-A85E025F794A}.Debug|Any CPU.ActiveCfg = Debug|Any CPU
		{9214A235-21C4-400B-9D5E-A85E025F794A}.Debug|Any CPU.Build.0 = Debug|Any CPU
		{9214A235-21C4-400B-9D5E-A85E025F794A}.Release|Any CPU.ActiveCfg = Release|Any CPU
		{9214A235-21C4-400B-9D5E-A85E025F794A}.Release|Any CPU.Build.0 = Release|Any CPU
	EndGlobalSection
	GlobalSection(SolutionProperties) = preSolution
		HideSolutionNode = FALSE
	EndGlobalSection
	GlobalSection(ExtensibilityGlobals) = postSolution
		SolutionGuid = {6764B027-CF51-4D8F-8D86-36B124F5A78D}
	EndGlobalSection
EndGlobal
